{
  "name": "3dWorld",
  "lockfileVersion": 2,
  "requires": true,
  "packages": {
    "": {
      "dependencies": {
        "charactercontroller": "^2.1.0"
      }
    },
    "node_modules/charactercontroller": {
      "version": "2.1.0",
      "resolved": "https://registry.npmjs.org/charactercontroller/-/charactercontroller-2.1.0.tgz",
      "integrity": "sha512-/8FVZJmIGVteBk+BjNnW1WI1WsNzxW+RrGFDbFsFQMDm8vlrQvHm4sHjFDBCslZXPYdzZDPFYA/cCtfSIixIHw==",
      "dependencies": {
        "three": "^0.141.0"
      }
    },
    "node_modules/three": {
      "version": "0.141.0",
      "resolved": "https://registry.npmjs.org/three/-/three-0.141.0.tgz",
      "integrity": "sha512-JaSDAPWuk4RTzG5BYRQm8YZbERUxTfTDVouWgHMisS2to4E5fotMS9F2zPFNOIJyEFTTQDDKPpsgZVThKU3pXA=="
    }
  },
  "dependencies": {
    "charactercontroller": {
      "version": "2.1.0",
      "resolved": "https://registry.npmjs.org/charactercontroller/-/charactercontroller-2.1.0.tgz",
      "integrity": "sha512-/8FVZJmIGVteBk+BjNnW1WI1WsNzxW+RrGFDbFsFQMDm8vlrQvHm4sHjFDBCslZXPYdzZDPFYA/cCtfSIixIHw==",
      "requires": {
        "three": "^0.141.0"
      }
    },
    "three": {
      "version": "0.141.0",
      "resolved": "https://registry.npmjs.org/three/-/three-0.141.0.tgz",
      "integrity": "sha512-JaSDAPWuk4RTzG5BYRQm8YZbERUxTfTDVouWgHMisS2to4E5fotMS9F2zPFNOIJyEFTTQDDKPpsgZVThKU3pXA=="
    }
  }
}
